# This file is autogenerated, do not edit; changes may be undone by the next 'dep ensure'.


[[projects]]
  branch = "master"
  digest = "1:1c25d056eabbb21f9d3bcca4909cd3ede6ec1b3d1c68358987913c35735beed6"
  name = "barista.run"
  packages = [
    ".",
    "bar",
    "base/click",
    "base/notifier",
    "base/value",
    "base/watchers/dbus",
    "base/watchers/file",
    "base/watchers/localtz",
    "base/watchers/netlink",
    "colors",
    "core",
    "format",
    "group",
    "group/modal",
    "logging",
    "modules/clock",
    "modules/cputemp",
    "modules/media",
    "modules/meminfo",
    "modules/meta/split",
    "modules/netinfo",
    "modules/netspeed",
    "modules/volume",
    "modules/weather",
    "modules/weather/openweathermap",
    "modules/wlan",
    "oauth",
    "outputs",
    "pango",
    "pango/icons",
    "pango/icons/fontawesome",
    "pango/icons/ionicons",
    "pango/icons/material",
    "pango/icons/mdi",
    "pango/icons/typicons",
    "sink",
    "timing"
  ]
  pruneopts = "UT"
  revision = "37c751aa67f9df779f8f4b99cab5190b6af9da7d"

[[projects]]
  digest = "1:6f9339c912bbdda81302633ad7e99a28dfa5a639c864061f1929510a9a64aa74"
  name = "github.com/dustin/go-humanize"
  packages = ["."]
  pruneopts = "UT"
  revision = "9f541cc9db5d55bce703bd99987c9d5cb8eea45e"
  version = "v1.0.0"

[[projects]]
  digest = "1:abeb38ade3f32a92943e5be54f55ed6d6e3b6602761d74b4aab4c9dd45c18abd"
  name = "github.com/fsnotify/fsnotify"
  packages = ["."]
  pruneopts = "UT"
  revision = "c2828203cd70a50dcccfb2761f8b1f8ceef9a8e9"
  version = "v1.4.7"

[[projects]]
  digest = "1:b3d20bcdedab2050e6bc58e52f4fdc46f710b4c74e1a1ecee262ebec1aee7b6e"
  name = "github.com/godbus/dbus"
  packages = ["."]
  pruneopts = "UT"
  revision = "2ff6f7ffd60f0f2410b3105864bdd12c7894f844"
  version = "v5.0.1"

[[projects]]
  digest = "1:318f1c959a8a740366fce4b1e1eb2fd914036b4af58fbd0a003349b305f118ad"
  name = "github.com/golang/protobuf"
  packages = ["proto"]
  pruneopts = "UT"
  revision = "b5d812f8a3706043e23a9cd5babf2e5423744d30"
  version = "v1.3.1"

[[projects]]
  digest = "1:39de67207027b7374272d5ec9b1bf85457714150ba1263e8d236316629dad570"
  name = "github.com/lucasb-eyer/go-colorful"
  packages = ["."]
  pruneopts = "UT"
  revision = "30298f24079860c4dee452fdef6519b362a4a026"
  version = "v1.0.2"

[[projects]]
  digest = "1:8b8524cd3af4b656001edc99ae0128e882e942cf52afbe53d4901a48ac801bcd"
  name = "github.com/martinlindhe/unit"
  packages = ["."]
  pruneopts = "UT"
  revision = "158876cf1be6a0802ae125afaf03fc759efcc445"
  version = "0.2.2"

[[projects]]
  digest = "1:bb495ec276ab82d3dd08504bbc0594a65de8c3b22c6f2aaa92d05b73fbf3a82e"
  name = "github.com/spf13/afero"
  packages = [
    ".",
    "mem"
  ]
  pruneopts = "UT"
  revision = "588a75ec4f32903aa5e39a2619ba6a4631e28424"
  version = "v1.2.2"

[[projects]]
  digest = "1:2d9d06cb9d46dacfdbb45f8575b39fc0126d083841a29d4fbf8d97708f43107e"
  name = "github.com/vishvananda/netlink"
  packages = [
    ".",
    "nl"
  ]
  pruneopts = "UT"
  revision = "a2ad57a690f3caf3015351d2d6e1c0b95c349752"
  version = "v1.0.0"

[[projects]]
  branch = "master"
  digest = "1:e4e30678fb2560b5c62f6308c5023d6c294fc7713216fa379411cc74465e866f"
  name = "github.com/vishvananda/netns"
  packages = ["."]
  pruneopts = "UT"
  revision = "13995c7128ccc8e51e9a6bd2b551020a27180abd"

[[projects]]
  branch = "master"
  digest = "1:f92f6956e4059f6a3efc14924d2dd58ba90da25cc57fe07ae3779ef2f5e0c5f2"
  name = "golang.org/x/crypto"
  packages = ["pbkdf2"]
  pruneopts = "UT"
  revision = "c05e17bb3b2dca130fc919668a96b4bec9eb9442"

[[projects]]
  branch = "master"
  digest = "1:f8b491a7c25030a895a0e579742d07136e6958e77ef2d46e769db8eec4e58fcd"
  name = "golang.org/x/net"
  packages = [
    "context",
    "context/ctxhttp"
  ]
  pruneopts = "UT"
  revision = "4829fb13d2c62012c17688fa7f629f371014946d"

[[projects]]
  branch = "master"
  digest = "1:9927d6aceb89d188e21485f42a7a254e67e6fdcf4260aba375fe18e3c300dfb4"
  name = "golang.org/x/oauth2"
  packages = [
    ".",
    "internal"
  ]
  pruneopts = "UT"
  revision = "9f3314589c9a9136388751d9adae6b0ed400978a"

[[projects]]
  branch = "master"
  digest = "1:41aaf393ca0e2fa523e428b29f58fbc9a4bc9f975da5b9b1cac7cef1436a7b53"
  name = "golang.org/x/sys"
  packages = ["unix"]
  pruneopts = "UT"
  revision = "18eb32c0e2f0c2bc8d17842ed4ad41486f349ad4"

[[projects]]
  digest = "1:1e937eedccd32128f7348bae5d224bf9c0c245e19a7f55e38da7cd90732f060d"
  name = "golang.org/x/text"
  packages = [
    "internal/gen",
    "internal/triegen",
    "internal/ucd",
    "transform",
    "unicode/cldr",
    "unicode/norm"
  ]
  pruneopts = "UT"
  revision = "c942b20a5d85b458c4dce1589326051d85e25d6d"
  version = "v0.3.1"

[[projects]]
  branch = "master"
  digest = "1:9fdc2b55e8e0fafe4b41884091e51e77344f7dc511c5acedcfd98200003bff90"
  name = "golang.org/x/time"
  packages = ["rate"]
  pruneopts = "UT"
  revision = "9d24e82272b4f38b78bc8cff74fa936d31ccd8ef"

[[projects]]
  digest = "1:6eb6e3b6d9fffb62958cf7f7d88dbbe1dd6839436b0802e194c590667a40412a"
  name = "google.golang.org/appengine"
  packages = [
    "internal",
    "internal/base",
    "internal/datastore",
    "internal/log",
    "internal/remote_api",
    "internal/urlfetch",
    "urlfetch"
  ]
  pruneopts = "UT"
  revision = "54a98f90d1c46b7731eb8fb305d2a321c30ef610"
  version = "v1.5.0"

[[projects]]
  digest = "1:4d2e5a73dc1500038e504a8d78b986630e3626dc027bc030ba5c75da257cdb96"
  name = "gopkg.in/yaml.v2"
  packages = ["."]
  pruneopts = "UT"
  revision = "51d6538a90f86fe93ac480b35f37b2be17fef232"
  version = "v2.2.2"

[solve-meta]
  analyzer-name = "dep"
  analyzer-version = 1
  input-imports = [
    "barista.run",
    "barista.run/bar",
    "barista.run/base/click",
    "barista.run/base/watchers/netlink",
    "barista.run/colors",
    "barista.run/format",
    "barista.run/group/modal",
    "barista.run/modules/clock",
    "barista.run/modules/cputemp",
    "barista.run/modules/media",
    "barista.run/modules/meminfo",
    "barista.run/modules/meta/split",
    "barista.run/modules/netinfo",
    "barista.run/modules/netspeed",
    "barista.run/modules/volume",
    "barista.run/modules/weather",
    "barista.run/modules/weather/openweathermap",
    "barista.run/modules/wlan",
    "barista.run/outputs",
    "barista.run/pango",
    "barista.run/pango/icons/fontawesome",
    "barista.run/pango/icons/ionicons",
    "barista.run/pango/icons/material",
    "barista.run/pango/icons/mdi",
    "barista.run/pango/icons/typicons",
    "github.com/lucasb-eyer/go-colorful",
    "github.com/martinlindhe/unit"
  ]
  solver-name = "gps-cdcl"
  solver-version = 1
